DEPENDENCIES
  LinuxServer
    path: .
    metadata: true
  snmp (~> 0.1)

GRAPH
  LinuxServer (0.1.8)
    chef_client_updater (~> 3.3)
    hostsfile (~> 3.0)
    ntp (~> 3.5)
    resolver (~> 2.0)
    rsyslog (~> 6.0)
    snmp (~> 0.1)
  chef_client_updater (3.3.3)
  hostsfile (3.0.1)
  ntp (3.5.6)
  perl (6.0.1)
    windows (>= 3.0)
  resolver (2.0.1)
  rsyslog (6.0.4)
  snmp (0.4.0)
    perl (>= 0.0.0)
  windows (4.2.2)
